{
  "name": "@basic-streams/merge",
  "version": "0.0.1",
  "lockfileVersion": 1,
  "requires": true,
  "dependencies": {
    "@basic-streams/chain": {
      "version": "0.0.1",
      "resolved": "https://registry.npmjs.org/@basic-streams/chain/-/chain-0.0.1.tgz",
      "integrity": "sha512-/NpV2EMQJPNxAZFzk9PrHvizcM7CR70SHmkSgB0w/15g16i0bbz4stREZS1bOivYXvE05VYpd+3WYF4owFWXog==",
      "requires": {
        "@basic-streams/stream": "0.0.1"
      }
    },
    "@basic-streams/from-iterable": {
      "version": "0.0.1",
      "resolved": "https://registry.npmjs.org/@basic-streams/from-iterable/-/from-iterable-0.0.1.tgz",
      "integrity": "sha512-Uy2nBhFSpr3uEOMaruSCgXupZaHIjGnn7Le/Au35lbJxLZ4jQaFUhgHLBXtADIAzEBNtWyHfg+U3qpvj8QAB2g==",
      "requires": {
        "@basic-streams/stream": "0.0.1"
      }
    },
    "@basic-streams/stream": {
      "version": "0.0.1",
      "resolved": "https://registry.npmjs.org/@basic-streams/stream/-/stream-0.0.1.tgz",
      "integrity": "sha512-XJQYkh//p9kfslqk12rJ1o0+xjZjc9snuJrisMjnqWgABPUqCc2DZ1F4ZClAAPvwS0ckLOALG56hua1PoAPFVw=="
    }
  }
}
