{
  "requires": true,
  "lockfileVersion": 1,
  "dependencies": {
    "@basic-streams/ap": {
      "version": "0.0.2",
      "resolved": "https://registry.npmjs.org/@basic-streams/ap/-/ap-0.0.2.tgz",
      "integrity": "sha512-xPypy+7Cg9LEUJMiqaVPhWxVJTkEDA89Vzz6lYtW7eeTlG6rTFAlnhHvenLanxYT+amL6R7uSZds/6kiE3UOXw==",
      "requires": {
        "@basic-streams/stream": "0.0.1"
      }
    },
    "@basic-streams/map": {
      "version": "0.0.2",
      "resolved": "https://registry.npmjs.org/@basic-streams/map/-/map-0.0.2.tgz",
      "integrity": "sha512-t36nyjhN4OG+Iz30rP5Tb88Jowz53cy/dnlsZNOyt/XMJbrI0CSvoteX2HKvGcJFURt+cHn7tBtbsSbjjzOyRQ=="
    },
    "@basic-streams/map2": {
      "version": "0.0.1",
      "resolved": "https://registry.npmjs.org/@basic-streams/map2/-/map2-0.0.1.tgz",
      "integrity": "sha512-yw/rj7FefD7t2KOkim+0T4RYTpT/zSBelQL+Ky3vwBg1nIOVKrEvzU4Opbr/8Dst+B5zZ5usx0V8G71RwhHppA==",
      "requires": {
        "@basic-streams/ap": "0.0.2",
        "@basic-streams/map": "0.0.2",
        "@basic-streams/stream": "0.0.1"
      }
    },
    "@basic-streams/of": {
      "version": "0.0.1",
      "resolved": "https://registry.npmjs.org/@basic-streams/of/-/of-0.0.1.tgz",
      "integrity": "sha512-KedVqDGg0b1Y0A/gJC9s+LSfZ06LnQ8jr2QPdnWXKjhTT54Fl1t4DQ9Hs0xj0cP8Z+HwcaMgJZlfIBlx+BuOyg==",
      "requires": {
        "@basic-streams/stream": "0.0.1"
      }
    },
    "@basic-streams/stream": {
      "version": "0.0.1",
      "resolved": "https://registry.npmjs.org/@basic-streams/stream/-/stream-0.0.1.tgz",
      "integrity": "sha512-XJQYkh//p9kfslqk12rJ1o0+xjZjc9snuJrisMjnqWgABPUqCc2DZ1F4ZClAAPvwS0ckLOALG56hua1PoAPFVw=="
    }
  }
}
