{
  "name": "@basic-streams/later",
  "version": "0.0.1",
  "lockfileVersion": 1,
  "requires": true,
  "dependencies": {
    "@basic-streams/stream": {
      "version": "0.0.1",
      "resolved": "https://registry.npmjs.org/@basic-streams/stream/-/stream-0.0.1.tgz",
      "integrity": "sha512-XJQYkh//p9kfslqk12rJ1o0+xjZjc9snuJrisMjnqWgABPUqCc2DZ1F4ZClAAPvwS0ckLOALG56hua1PoAPFVw=="
    }
  }
}
